
Microsoft Visual Studio Solution File, Format Version 12.00
Project("{FAE04EC0-301F-11D3-BF4B-00C04F79EFBC}") = "ValidateBinaryTree", "ValidateBinaryTree\ValidateBinaryTree.csproj", "{E2838B07-B410-4B0A-82C4-5EDCD917D576}"
EndProject
Project("{FAE04EC0-301F-11D3-BF4B-00C04F79EFBC}") = "ValidateBinaryTree.Tests", "ValidateBinaryTree.Tests\ValidateBinaryTree.Tests.csproj", "{F408EC67-00F3-488B-A078-3EB9DF7A5949}"
EndProject
Project("{FAE04EC0-301F-11D3-BF4B-00C04F79EFBC}") = "Common", "Common\Common.csproj", "{377FAA76-5B68-46C3-9B1B-57D3DFA84337}"
EndProject
Project("{FAE04EC0-301F-11D3-BF4B-00C04F79EFBC}") = "SymmetricBinaryTree", "SymmetricBinaryTree\SymmetricBinaryTree.csproj", "{B4F13117-C323-464E-BD13-A9608FE9B989}"
EndProject
Project("{FAE04EC0-301F-11D3-BF4B-00C04F79EFBC}") = "SymmetricBinaryTree.Tests", "SymmetricBinaryTree.Tests\SymmetricBinaryTree.Tests.csproj", "{B6E6B0A1-3771-4B7F-AE37-0607D329012D}"
EndProject
Project("{FAE04EC0-301F-11D3-BF4B-00C04F79EFBC}") = "ZigzagLevelOrder", "ZigzagLevelOrder\ZigzagLevelOrder.csproj", "{4BCE2517-9C83-4B6E-A84D-B985E37ED39F}"
EndProject
Project("{FAE04EC0-301F-11D3-BF4B-00C04F79EFBC}") = "ZigzagLevelOrder.Tests", "ZigzagLevelOrder.Tests\ZigzagLevelOrder.Tests.csproj", "{4B744D66-138C-40F2-A8FC-C92CB27F5CBF}"
EndProject
Project("{FAE04EC0-301F-11D3-BF4B-00C04F79EFBC}") = "BinaryTreeMaximumSumPath", "BinaryTreeMaximumSumPath\BinaryTreeMaximumSumPath.csproj", "{DA0953DB-70CD-4719-A6F7-F2383BF68CFE}"
EndProject
Project("{FAE04EC0-301F-11D3-BF4B-00C04F79EFBC}") = "BinaryTreeMaximumSumPath.Tests", "BinaryTreeMaximumSumPath.Tests\BinaryTreeMaximumSumPath.Tests.csproj", "{8426031B-2C9F-49CA-8681-BF80DD9ED22A}"
EndProject
Project("{FAE04EC0-301F-11D3-BF4B-00C04F79EFBC}") = "WordLadder2", "WordLadder2\WordLadder2.csproj", "{12844730-1B98-421C-A617-81110781642B}"
EndProject
Project("{FAE04EC0-301F-11D3-BF4B-00C04F79EFBC}") = "WordLadder2.Tests", "WordLadder2.Tests\WordLadder2.Tests.csproj", "{A1284388-742A-4483-9D93-E2DAAC1F1DE9}"
EndProject
Project("{FAE04EC0-301F-11D3-BF4B-00C04F79EFBC}") = "WordLadder", "WordLadder\WordLadder.csproj", "{0AF7A0A5-6BD7-456B-AFCE-767BAFE36F3D}"
EndProject
Project("{FAE04EC0-301F-11D3-BF4B-00C04F79EFBC}") = "WordLadder.Tests", "WordLadder.Tests\WordLadder.Tests.csproj", "{0F0A4B24-4396-46D0-90C4-4A4DB53C8001}"
EndProject
Project("{FAE04EC0-301F-11D3-BF4B-00C04F79EFBC}") = "NumberOfIslands", "NumberOfIslands\NumberOfIslands.csproj", "{7FB0719B-65FA-4DA1-A856-7E39AFAF5E9C}"
EndProject
Project("{FAE04EC0-301F-11D3-BF4B-00C04F79EFBC}") = "NumberOfIslands.Tests", "NumberOfIslands.Tests\NumberOfIslands.Tests.csproj", "{F3F13045-C1FB-430A-82A1-5789F97BE821}"
EndProject
Project("{FAE04EC0-301F-11D3-BF4B-00C04F79EFBC}") = "CourseSchedule", "CourseSchedule\CourseSchedule.csproj", "{E7AA5F65-6915-4130-A907-3E5BF81CA471}"
EndProject
Project("{FAE04EC0-301F-11D3-BF4B-00C04F79EFBC}") = "CourseSchedule.Tests", "CourseSchedule.Tests\CourseSchedule.Tests.csproj", "{B7F2821F-86B3-4A52-9562-9CD7D3B70399}"
EndProject
Project("{FAE04EC0-301F-11D3-BF4B-00C04F79EFBC}") = "CourseSchedule.TopologicalSort", "CourseSchedule.TopologicalSort\CourseSchedule.TopologicalSort.csproj", "{810B1EEB-3445-41B9-89FC-12E4F2FFC460}"
EndProject
Global
	GlobalSection(SolutionConfigurationPlatforms) = preSolution
		Debug|Any CPU = Debug|Any CPU
		Release|Any CPU = Release|Any CPU
	EndGlobalSection
	GlobalSection(ProjectConfigurationPlatforms) = postSolution
		{E2838B07-B410-4B0A-82C4-5EDCD917D576}.Debug|Any CPU.ActiveCfg = Debug|Any CPU
		{E2838B07-B410-4B0A-82C4-5EDCD917D576}.Debug|Any CPU.Build.0 = Debug|Any CPU
		{E2838B07-B410-4B0A-82C4-5EDCD917D576}.Release|Any CPU.ActiveCfg = Release|Any CPU
		{E2838B07-B410-4B0A-82C4-5EDCD917D576}.Release|Any CPU.Build.0 = Release|Any CPU
		{F408EC67-00F3-488B-A078-3EB9DF7A5949}.Debug|Any CPU.ActiveCfg = Debug|Any CPU
		{F408EC67-00F3-488B-A078-3EB9DF7A5949}.Debug|Any CPU.Build.0 = Debug|Any CPU
		{F408EC67-00F3-488B-A078-3EB9DF7A5949}.Release|Any CPU.ActiveCfg = Release|Any CPU
		{F408EC67-00F3-488B-A078-3EB9DF7A5949}.Release|Any CPU.Build.0 = Release|Any CPU
		{377FAA76-5B68-46C3-9B1B-57D3DFA84337}.Debug|Any CPU.ActiveCfg = Debug|Any CPU
		{377FAA76-5B68-46C3-9B1B-57D3DFA84337}.Debug|Any CPU.Build.0 = Debug|Any CPU
		{377FAA76-5B68-46C3-9B1B-57D3DFA84337}.Release|Any CPU.ActiveCfg = Release|Any CPU
		{377FAA76-5B68-46C3-9B1B-57D3DFA84337}.Release|Any CPU.Build.0 = Release|Any CPU
		{B4F13117-C323-464E-BD13-A9608FE9B989}.Debug|Any CPU.ActiveCfg = Debug|Any CPU
		{B4F13117-C323-464E-BD13-A9608FE9B989}.Debug|Any CPU.Build.0 = Debug|Any CPU
		{B4F13117-C323-464E-BD13-A9608FE9B989}.Release|Any CPU.ActiveCfg = Release|Any CPU
		{B4F13117-C323-464E-BD13-A9608FE9B989}.Release|Any CPU.Build.0 = Release|Any CPU
		{B6E6B0A1-3771-4B7F-AE37-0607D329012D}.Debug|Any CPU.ActiveCfg = Debug|Any CPU
		{B6E6B0A1-3771-4B7F-AE37-0607D329012D}.Debug|Any CPU.Build.0 = Debug|Any CPU
		{B6E6B0A1-3771-4B7F-AE37-0607D329012D}.Release|Any CPU.ActiveCfg = Release|Any CPU
		{B6E6B0A1-3771-4B7F-AE37-0607D329012D}.Release|Any CPU.Build.0 = Release|Any CPU
		{4BCE2517-9C83-4B6E-A84D-B985E37ED39F}.Debug|Any CPU.ActiveCfg = Debug|Any CPU
		{4BCE2517-9C83-4B6E-A84D-B985E37ED39F}.Debug|Any CPU.Build.0 = Debug|Any CPU
		{4BCE2517-9C83-4B6E-A84D-B985E37ED39F}.Release|Any CPU.ActiveCfg = Release|Any CPU
		{4BCE2517-9C83-4B6E-A84D-B985E37ED39F}.Release|Any CPU.Build.0 = Release|Any CPU
		{4B744D66-138C-40F2-A8FC-C92CB27F5CBF}.Debug|Any CPU.ActiveCfg = Debug|Any CPU
		{4B744D66-138C-40F2-A8FC-C92CB27F5CBF}.Debug|Any CPU.Build.0 = Debug|Any CPU
		{4B744D66-138C-40F2-A8FC-C92CB27F5CBF}.Release|Any CPU.ActiveCfg = Release|Any CPU
		{4B744D66-138C-40F2-A8FC-C92CB27F5CBF}.Release|Any CPU.Build.0 = Release|Any CPU
		{DA0953DB-70CD-4719-A6F7-F2383BF68CFE}.Debug|Any CPU.ActiveCfg = Debug|Any CPU
		{DA0953DB-70CD-4719-A6F7-F2383BF68CFE}.Debug|Any CPU.Build.0 = Debug|Any CPU
		{DA0953DB-70CD-4719-A6F7-F2383BF68CFE}.Release|Any CPU.ActiveCfg = Release|Any CPU
		{DA0953DB-70CD-4719-A6F7-F2383BF68CFE}.Release|Any CPU.Build.0 = Release|Any CPU
		{8426031B-2C9F-49CA-8681-BF80DD9ED22A}.Debug|Any CPU.ActiveCfg = Debug|Any CPU
		{8426031B-2C9F-49CA-8681-BF80DD9ED22A}.Debug|Any CPU.Build.0 = Debug|Any CPU
		{8426031B-2C9F-49CA-8681-BF80DD9ED22A}.Release|Any CPU.ActiveCfg = Release|Any CPU
		{8426031B-2C9F-49CA-8681-BF80DD9ED22A}.Release|Any CPU.Build.0 = Release|Any CPU
		{12844730-1B98-421C-A617-81110781642B}.Debug|Any CPU.ActiveCfg = Debug|Any CPU
		{12844730-1B98-421C-A617-81110781642B}.Debug|Any CPU.Build.0 = Debug|Any CPU
		{12844730-1B98-421C-A617-81110781642B}.Release|Any CPU.ActiveCfg = Release|Any CPU
		{12844730-1B98-421C-A617-81110781642B}.Release|Any CPU.Build.0 = Release|Any CPU
		{A1284388-742A-4483-9D93-E2DAAC1F1DE9}.Debug|Any CPU.ActiveCfg = Debug|Any CPU
		{A1284388-742A-4483-9D93-E2DAAC1F1DE9}.Debug|Any CPU.Build.0 = Debug|Any CPU
		{A1284388-742A-4483-9D93-E2DAAC1F1DE9}.Release|Any CPU.ActiveCfg = Release|Any CPU
		{A1284388-742A-4483-9D93-E2DAAC1F1DE9}.Release|Any CPU.Build.0 = Release|Any CPU
		{0AF7A0A5-6BD7-456B-AFCE-767BAFE36F3D}.Debug|Any CPU.ActiveCfg = Debug|Any CPU
		{0AF7A0A5-6BD7-456B-AFCE-767BAFE36F3D}.Debug|Any CPU.Build.0 = Debug|Any CPU
		{0AF7A0A5-6BD7-456B-AFCE-767BAFE36F3D}.Release|Any CPU.ActiveCfg = Release|Any CPU
		{0AF7A0A5-6BD7-456B-AFCE-767BAFE36F3D}.Release|Any CPU.Build.0 = Release|Any CPU
		{0F0A4B24-4396-46D0-90C4-4A4DB53C8001}.Debug|Any CPU.ActiveCfg = Debug|Any CPU
		{0F0A4B24-4396-46D0-90C4-4A4DB53C8001}.Debug|Any CPU.Build.0 = Debug|Any CPU
		{0F0A4B24-4396-46D0-90C4-4A4DB53C8001}.Release|Any CPU.ActiveCfg = Release|Any CPU
		{0F0A4B24-4396-46D0-90C4-4A4DB53C8001}.Release|Any CPU.Build.0 = Release|Any CPU
		{7FB0719B-65FA-4DA1-A856-7E39AFAF5E9C}.Debug|Any CPU.ActiveCfg = Debug|Any CPU
		{7FB0719B-65FA-4DA1-A856-7E39AFAF5E9C}.Debug|Any CPU.Build.0 = Debug|Any CPU
		{7FB0719B-65FA-4DA1-A856-7E39AFAF5E9C}.Release|Any CPU.ActiveCfg = Release|Any CPU
		{7FB0719B-65FA-4DA1-A856-7E39AFAF5E9C}.Release|Any CPU.Build.0 = Release|Any CPU
		{F3F13045-C1FB-430A-82A1-5789F97BE821}.Debug|Any CPU.ActiveCfg = Debug|Any CPU
		{F3F13045-C1FB-430A-82A1-5789F97BE821}.Debug|Any CPU.Build.0 = Debug|Any CPU
		{F3F13045-C1FB-430A-82A1-5789F97BE821}.Release|Any CPU.ActiveCfg = Release|Any CPU
		{F3F13045-C1FB-430A-82A1-5789F97BE821}.Release|Any CPU.Build.0 = Release|Any CPU
		{E7AA5F65-6915-4130-A907-3E5BF81CA471}.Debug|Any CPU.ActiveCfg = Debug|Any CPU
		{E7AA5F65-6915-4130-A907-3E5BF81CA471}.Debug|Any CPU.Build.0 = Debug|Any CPU
		{E7AA5F65-6915-4130-A907-3E5BF81CA471}.Release|Any CPU.ActiveCfg = Release|Any CPU
		{E7AA5F65-6915-4130-A907-3E5BF81CA471}.Release|Any CPU.Build.0 = Release|Any CPU
		{B7F2821F-86B3-4A52-9562-9CD7D3B70399}.Debug|Any CPU.ActiveCfg = Debug|Any CPU
		{B7F2821F-86B3-4A52-9562-9CD7D3B70399}.Debug|Any CPU.Build.0 = Debug|Any CPU
		{B7F2821F-86B3-4A52-9562-9CD7D3B70399}.Release|Any CPU.ActiveCfg = Release|Any CPU
		{B7F2821F-86B3-4A52-9562-9CD7D3B70399}.Release|Any CPU.Build.0 = Release|Any CPU
		{810B1EEB-3445-41B9-89FC-12E4F2FFC460}.Debug|Any CPU.ActiveCfg = Debug|Any CPU
		{810B1EEB-3445-41B9-89FC-12E4F2FFC460}.Debug|Any CPU.Build.0 = Debug|Any CPU
		{810B1EEB-3445-41B9-89FC-12E4F2FFC460}.Release|Any CPU.ActiveCfg = Release|Any CPU
		{810B1EEB-3445-41B9-89FC-12E4F2FFC460}.Release|Any CPU.Build.0 = Release|Any CPU
	EndGlobalSection
EndGlobal
